// !$*UTF8*$!
{
	archiveVersion = 1;
	classes = {
	};
	objectVersion = 50;
	objects = {

/* Begin PBXBuildFile section */
		9A2EE2D123427DCB0012E7E1 /* AppDelegate.swift in Sources */ = {isa = PBXBuildFile; fileRef = 9A2EE2D023427DCB0012E7E1 /* AppDelegate.swift */; };
		9A2EE2D323427DCB0012E7E1 /* ViewController.swift in Sources */ = {isa = PBXBuildFile; fileRef = 9A2EE2D223427DCB0012E7E1 /* ViewController.swift */; };
		9A2EE2D623427DCB0012E7E1 /* Main.storyboard in Resources */ = {isa = PBXBuildFile; fileRef = 9A2EE2D423427DCB0012E7E1 /* Main.storyboard */; };
		9A2EE2D823427DCD0012E7E1 /* Assets.xcassets in Resources */ = {isa = PBXBuildFile; fileRef = 9A2EE2D723427DCD0012E7E1 /* Assets.xcassets */; };
		9A2EE2DB23427DCD0012E7E1 /* LaunchScreen.storyboard in Resources */ = {isa = PBXBuildFile; fileRef = 9A2EE2D923427DCD0012E7E1 /* LaunchScreen.storyboard */; };
		9A2EE2E623427DCD0012E7E1 /* LeBaluchonTests.swift in Sources */ = {isa = PBXBuildFile; fileRef = 9A2EE2E523427DCD0012E7E1 /* LeBaluchonTests.swift */; };
		9A2EE2F123427DCD0012E7E1 /* LeBaluchonUITests.swift in Sources */ = {isa = PBXBuildFile; fileRef = 9A2EE2F023427DCD0012E7E1 /* LeBaluchonUITests.swift */; };
		9A2EE2FF234282990012E7E1 /* CurrencyViewController.swift in Sources */ = {isa = PBXBuildFile; fileRef = 9A2EE2FE234282990012E7E1 /* CurrencyViewController.swift */; };
		9A2EE301234282AB0012E7E1 /* CurrencyView.swift in Sources */ = {isa = PBXBuildFile; fileRef = 9A2EE300234282AB0012E7E1 /* CurrencyView.swift */; };
		9A2EE30323428AE80012E7E1 /* CurrencyField.swift in Sources */ = {isa = PBXBuildFile; fileRef = 9A2EE30223428AE80012E7E1 /* CurrencyField.swift */; };
/* End PBXBuildFile section */

/* Begin PBXContainerItemProxy section */
		9A2EE2E223427DCD0012E7E1 /* PBXContainerItemProxy */ = {
			isa = PBXContainerItemProxy;
			containerPortal = 9A2EE2C523427DCA0012E7E1 /* Project object */;
			proxyType = 1;
			remoteGlobalIDString = 9A2EE2CC23427DCB0012E7E1;
			remoteInfo = LeBaluchon;
		};
		9A2EE2ED23427DCD0012E7E1 /* PBXContainerItemProxy */ = {
			isa = PBXContainerItemProxy;
			containerPortal = 9A2EE2C523427DCA0012E7E1 /* Project object */;
			proxyType = 1;
			remoteGlobalIDString = 9A2EE2CC23427DCB0012E7E1;
			remoteInfo = LeBaluchon;
		};
/* End PBXContainerItemProxy section */

/* Begin PBXFileReference section */
		9A2EE2CD23427DCB0012E7E1 /* LeBaluchon.app */ = {isa = PBXFileReference; explicitFileType = wrapper.application; includeInIndex = 0; path = LeBaluchon.app; sourceTree = BUILT_PRODUCTS_DIR; };
		9A2EE2D023427DCB0012E7E1 /* AppDelegate.swift */ = {isa = PBXFileReference; lastKnownFileType = sourcecode.swift; path = AppDelegate.swift; sourceTree = "<group>"; };
		9A2EE2D223427DCB0012E7E1 /* ViewController.swift */ = {isa = PBXFileReference; lastKnownFileType = sourcecode.swift; path = ViewController.swift; sourceTree = "<group>"; };
		9A2EE2D523427DCB0012E7E1 /* Base */ = {isa = PBXFileReference; lastKnownFileType = file.storyboard; name = Base; path = Base.lproj/Main.storyboard; sourceTree = "<group>"; };
		9A2EE2D723427DCD0012E7E1 /* Assets.xcassets */ = {isa = PBXFileReference; lastKnownFileType = folder.assetcatalog; path = Assets.xcassets; sourceTree = "<group>"; };
		9A2EE2DA23427DCD0012E7E1 /* Base */ = {isa = PBXFileReference; lastKnownFileType = file.storyboard; name = Base; path = Base.lproj/LaunchScreen.storyboard; sourceTree = "<group>"; };
		9A2EE2DC23427DCD0012E7E1 /* Info.plist */ = {isa = PBXFileReference; lastKnownFileType = text.plist.xml; path = Info.plist; sourceTree = "<group>"; };
		9A2EE2E123427DCD0012E7E1 /* LeBaluchonTests.xctest */ = {isa = PBXFileReference; explicitFileType = wrapper.cfbundle; includeInIndex = 0; path = LeBaluchonTests.xctest; sourceTree = BUILT_PRODUCTS_DIR; };
		9A2EE2E523427DCD0012E7E1 /* LeBaluchonTests.swift */ = {isa = PBXFileReference; lastKnownFileType = sourcecode.swift; path = LeBaluchonTests.swift; sourceTree = "<group>"; };
		9A2EE2E723427DCD0012E7E1 /* Info.plist */ = {isa = PBXFileReference; lastKnownFileType = text.plist.xml; path = Info.plist; sourceTree = "<group>"; };
		9A2EE2EC23427DCD0012E7E1 /* LeBaluchonUITests.xctest */ = {isa = PBXFileReference; explicitFileType = wrapper.cfbundle; includeInIndex = 0; path = LeBaluchonUITests.xctest; sourceTree = BUILT_PRODUCTS_DIR; };
		9A2EE2F023427DCD0012E7E1 /* LeBaluchonUITests.swift */ = {isa = PBXFileReference; lastKnownFileType = sourcecode.swift; path = LeBaluchonUITests.swift; sourceTree = "<group>"; };
		9A2EE2F223427DCD0012E7E1 /* Info.plist */ = {isa = PBXFileReference; lastKnownFileType = text.plist.xml; path = Info.plist; sourceTree = "<group>"; };
		9A2EE2FE234282990012E7E1 /* CurrencyViewController.swift */ = {isa = PBXFileReference; lastKnownFileType = sourcecode.swift; path = CurrencyViewController.swift; sourceTree = "<group>"; };
		9A2EE300234282AB0012E7E1 /* CurrencyView.swift */ = {isa = PBXFileReference; lastKnownFileType = sourcecode.swift; path = CurrencyView.swift; sourceTree = "<group>"; };
		9A2EE30223428AE80012E7E1 /* CurrencyField.swift */ = {isa = PBXFileReference; lastKnownFileType = sourcecode.swift; path = CurrencyField.swift; sourceTree = "<group>"; };
/* End PBXFileReference section */

/* Begin PBXFrameworksBuildPhase section */
		9A2EE2CA23427DCB0012E7E1 /* Frameworks */ = {
			isa = PBXFrameworksBuildPhase;
			buildActionMask = 2147483647;
			files = (
			);
			runOnlyForDeploymentPostprocessing = 0;
		};
		9A2EE2DE23427DCD0012E7E1 /* Frameworks */ = {
			isa = PBXFrameworksBuildPhase;
			buildActionMask = 2147483647;
			files = (
			);
			runOnlyForDeploymentPostprocessing = 0;
		};
		9A2EE2E923427DCD0012E7E1 /* Frameworks */ = {
			isa = PBXFrameworksBuildPhase;
			buildActionMask = 2147483647;
			files = (
			);
			runOnlyForDeploymentPostprocessing = 0;
		};
/* End PBXFrameworksBuildPhase section */

/* Begin PBXGroup section */
		9A2EE2C423427DCA0012E7E1 = {
			isa = PBXGroup;
			children = (
				9A2EE2CF23427DCB0012E7E1 /* LeBaluchon */,
				9A2EE2E423427DCD0012E7E1 /* LeBaluchonTests */,
				9A2EE2EF23427DCD0012E7E1 /* LeBaluchonUITests */,
				9A2EE2CE23427DCB0012E7E1 /* Products */,
			);
			sourceTree = "<group>";
		};
		9A2EE2CE23427DCB0012E7E1 /* Products */ = {
			isa = PBXGroup;
			children = (
				9A2EE2CD23427DCB0012E7E1 /* LeBaluchon.app */,
				9A2EE2E123427DCD0012E7E1 /* LeBaluchonTests.xctest */,
				9A2EE2EC23427DCD0012E7E1 /* LeBaluchonUITests.xctest */,
			);
			name = Products;
			sourceTree = "<group>";
		};
		9A2EE2CF23427DCB0012E7E1 /* LeBaluchon */ = {
			isa = PBXGroup;
			children = (
				9A2EE2D023427DCB0012E7E1 /* AppDelegate.swift */,
				9A2EE2D223427DCB0012E7E1 /* ViewController.swift */,
				9A2EE2D423427DCB0012E7E1 /* Main.storyboard */,
				9A2EE30223428AE80012E7E1 /* CurrencyField.swift */,
				9A2EE2FE234282990012E7E1 /* CurrencyViewController.swift */,
				9A2EE300234282AB0012E7E1 /* CurrencyView.swift */,
				9A2EE2D723427DCD0012E7E1 /* Assets.xcassets */,
				9A2EE2D923427DCD0012E7E1 /* LaunchScreen.storyboard */,
				9A2EE2DC23427DCD0012E7E1 /* Info.plist */,
			);
			path = LeBaluchon;
			sourceTree = "<group>";
		};
		9A2EE2E423427DCD0012E7E1 /* LeBaluchonTests */ = {
			isa = PBXGroup;
			children = (
				9A2EE2E523427DCD0012E7E1 /* LeBaluchonTests.swift */,
				9A2EE2E723427DCD0012E7E1 /* Info.plist */,
			);
			path = LeBaluchonTests;
			sourceTree = "<group>";
		};
		9A2EE2EF23427DCD0012E7E1 /* LeBaluchonUITests */ = {
			isa = PBXGroup;
			children = (
				9A2EE2F023427DCD0012E7E1 /* LeBaluchonUITests.swift */,
				9A2EE2F223427DCD0012E7E1 /* Info.plist */,
			);
			path = LeBaluchonUITests;
			sourceTree = "<group>";
		};
/* End PBXGroup section */

/* Begin PBXNativeTarget section */
		9A2EE2CC23427DCB0012E7E1 /* LeBaluchon */ = {
			isa = PBXNativeTarget;
			buildConfigurationList = 9A2EE2F523427DCD0012E7E1 /* Build configuration list for PBXNativeTarget "LeBaluchon" */;
			buildPhases = (
				9A2EE2C923427DCB0012E7E1 /* Sources */,
				9A2EE2CA23427DCB0012E7E1 /* Frameworks */,
				9A2EE2CB23427DCB0012E7E1 /* Resources */,
			);
			buildRules = (
			);
			dependencies = (
			);
			name = LeBaluchon;
			productName = LeBaluchon;
			productReference = 9A2EE2CD23427DCB0012E7E1 /* LeBaluchon.app */;
			productType = "com.apple.product-type.application";
		};
		9A2EE2E023427DCD0012E7E1 /* LeBaluchonTests */ = {
			isa = PBXNativeTarget;
			buildConfigurationList = 9A2EE2F823427DCD0012E7E1 /* Build configuration list for PBXNativeTarget "LeBaluchonTests" */;
			buildPhases = (
				9A2EE2DD23427DCD0012E7E1 /* Sources */,
				9A2EE2DE23427DCD0012E7E1 /* Frameworks */,
				9A2EE2DF23427DCD0012E7E1 /* Resources */,
			);
			buildRules = (
			);
			dependencies = (
				9A2EE2E323427DCD0012E7E1 /* PBXTargetDependency */,
			);
			name = LeBaluchonTests;
			productName = LeBaluchonTests;
			productReference = 9A2EE2E123427DCD0012E7E1 /* LeBaluchonTests.xctest */;
			productType = "com.apple.product-type.bundle.unit-test";
		};
		9A2EE2EB23427DCD0012E7E1 /* LeBaluchonUITests */ = {
			isa = PBXNativeTarget;
			buildConfigurationList = 9A2EE2FB23427DCD0012E7E1 /* Build configuration list for PBXNativeTarget "LeBaluchonUITests" */;
			buildPhases = (
				9A2EE2E823427DCD0012E7E1 /* Sources */,
				9A2EE2E923427DCD0012E7E1 /* Frameworks */,
				9A2EE2EA23427DCD0012E7E1 /* Resources */,
			);
			buildRules = (
			);
			dependencies = (
				9A2EE2EE23427DCD0012E7E1 /* PBXTargetDependency */,
			);
			name = LeBaluchonUITests;
			productName = LeBaluchonUITests;
			productReference = 9A2EE2EC23427DCD0012E7E1 /* LeBaluchonUITests.xctest */;
			productType = "com.apple.product-type.bundle.ui-testing";
		};
/* End PBXNativeTarget section */

/* Begin PBXProject section */
		9A2EE2C523427DCA0012E7E1 /* Project object */ = {
			isa = PBXProject;
			attributes = {
				LastSwiftUpdateCheck = 1020;
				LastUpgradeCheck = 1020;
				ORGANIZATIONNAME = "Anne-Elisabeth";
				TargetAttributes = {
					9A2EE2CC23427DCB0012E7E1 = {
						CreatedOnToolsVersion = 10.2.1;
					};
					9A2EE2E023427DCD0012E7E1 = {
						CreatedOnToolsVersion = 10.2.1;
						TestTargetID = 9A2EE2CC23427DCB0012E7E1;
					};
					9A2EE2EB23427DCD0012E7E1 = {
						CreatedOnToolsVersion = 10.2.1;
						TestTargetID = 9A2EE2CC23427DCB0012E7E1;
					};
				};
			};
			buildConfigurationList = 9A2EE2C823427DCA0012E7E1 /* Build configuration list for PBXProject "LeBaluchon" */;
			compatibilityVersion = "Xcode 9.3";
			developmentRegion = en;
			hasScannedForEncodings = 0;
			knownRegions = (
				en,
				Base,
			);
			mainGroup = 9A2EE2C423427DCA0012E7E1;
			productRefGroup = 9A2EE2CE23427DCB0012E7E1 /* Products */;
			projectDirPath = "";
			projectRoot = "";
			targets = (
				9A2EE2CC23427DCB0012E7E1 /* LeBaluchon */,
				9A2EE2E023427DCD0012E7E1 /* LeBaluchonTests */,
				9A2EE2EB23427DCD0012E7E1 /* LeBaluchonUITests */,
			);
		};
/* End PBXProject section */

/* Begin PBXResourcesBuildPhase section */
		9A2EE2CB23427DCB0012E7E1 /* Resources */ = {
			isa = PBXResourcesBuildPhase;
			buildActionMask = 2147483647;
			files = (
				9A2EE2DB23427DCD0012E7E1 /* LaunchScreen.storyboard in Resources */,
				9A2EE2D823427DCD0012E7E1 /* Assets.xcassets in Resources */,
				9A2EE2D623427DCB0012E7E1 /* Main.storyboard in Resources */,
			);
			runOnlyForDeploymentPostprocessing = 0;
		};
		9A2EE2DF23427DCD0012E7E1 /* Resources */ = {
			isa = PBXResourcesBuildPhase;
			buildActionMask = 2147483647;
			files = (
			);
			runOnlyForDeploymentPostprocessing = 0;
		};
		9A2EE2EA23427DCD0012E7E1 /* Resources */ = {
			isa = PBXResourcesBuildPhase;
			buildActionMask = 2147483647;
			files = (
			);
			runOnlyForDeploymentPostprocessing = 0;
		};
/* End PBXResourcesBuildPhase section */

/* Begin PBXSourcesBuildPhase section */
		9A2EE2C923427DCB0012E7E1 /* Sources */ = {
			isa = PBXSourcesBuildPhase;
			buildActionMask = 2147483647;
			files = (
				9A2EE2D323427DCB0012E7E1 /* ViewController.swift in Sources */,
				9A2EE2FF234282990012E7E1 /* CurrencyViewController.swift in Sources */,
				9A2EE2D123427DCB0012E7E1 /* AppDelegate.swift in Sources */,
				9A2EE30323428AE80012E7E1 /* CurrencyField.swift in Sources */,
				9A2EE301234282AB0012E7E1 /* CurrencyView.swift in Sources */,
			);
			runOnlyForDeploymentPostprocessing = 0;
		};
		9A2EE2DD23427DCD0012E7E1 /* Sources */ = {
			isa = PBXSourcesBuildPhase;
			buildActionMask = 2147483647;
			files = (
				9A2EE2E623427DCD0012E7E1 /* LeBaluchonTests.swift in Sources */,
			);
			runOnlyForDeploymentPostprocessing = 0;
		};
		9A2EE2E823427DCD0012E7E1 /* Sources */ = {
			isa = PBXSourcesBuildPhase;
			buildActionMask = 2147483647;
			files = (
				9A2EE2F123427DCD0012E7E1 /* LeBaluchonUITests.swift in Sources */,
			);
			runOnlyForDeploymentPostprocessing = 0;
		};
/* End PBXSourcesBuildPhase section */

/* Begin PBXTargetDependency section */
		9A2EE2E323427DCD0012E7E1 /* PBXTargetDependency */ = {
			isa = PBXTargetDependency;
			target = 9A2EE2CC23427DCB0012E7E1 /* LeBaluchon */;
			targetProxy = 9A2EE2E223427DCD0012E7E1 /* PBXContainerItemProxy */;
		};
		9A2EE2EE23427DCD0012E7E1 /* PBXTargetDependency */ = {
			isa = PBXTargetDependency;
			target = 9A2EE2CC23427DCB0012E7E1 /* LeBaluchon */;
			targetProxy = 9A2EE2ED23427DCD0012E7E1 /* PBXContainerItemProxy */;
		};
/* End PBXTargetDependency section */

/* Begin PBXVariantGroup section */
		9A2EE2D423427DCB0012E7E1 /* Main.storyboard */ = {
			isa = PBXVariantGroup;
			children = (
				9A2EE2D523427DCB0012E7E1 /* Base */,
			);
			name = Main.storyboard;
			sourceTree = "<group>";
		};
		9A2EE2D923427DCD0012E7E1 /* LaunchScreen.storyboard */ = {
			isa = PBXVariantGroup;
			children = (
				9A2EE2DA23427DCD0012E7E1 /* Base */,
			);
			name = LaunchScreen.storyboard;
			sourceTree = "<group>";
		};
/* End PBXVariantGroup section */

/* Begin XCBuildConfiguration section */
		9A2EE2F323427DCD0012E7E1 /* Debug */ = {
			isa = XCBuildConfiguration;
			buildSettings = {
				ALWAYS_SEARCH_USER_PATHS = NO;
				CLANG_ANALYZER_NONNULL = YES;
				CLANG_ANALYZER_NUMBER_OBJECT_CONVERSION = YES_AGGRESSIVE;
				CLANG_CXX_LANGUAGE_STANDARD = "gnu++14";
				CLANG_CXX_LIBRARY = "libc++";
				CLANG_ENABLE_MODULES = YES;
				CLANG_ENABLE_OBJC_ARC = YES;
				CLANG_ENABLE_OBJC_WEAK = YES;
				CLANG_WARN_BLOCK_CAPTURE_AUTORELEASING = YES;
				CLANG_WARN_BOOL_CONVERSION = YES;
				CLANG_WARN_COMMA = YES;
				CLANG_WARN_CONSTANT_CONVERSION = YES;
				CLANG_WARN_DEPRECATED_OBJC_IMPLEMENTATIONS = YES;
				CLANG_WARN_DIRECT_OBJC_ISA_USAGE = YES_ERROR;
				CLANG_WARN_DOCUMENTATION_COMMENTS = YES;
				CLANG_WARN_EMPTY_BODY = YES;
				CLANG_WARN_ENUM_CONVERSION = YES;
				CLANG_WARN_INFINITE_RECURSION = YES;
				CLANG_WARN_INT_CONVERSION = YES;
				CLANG_WARN_NON_LITERAL_NULL_CONVERSION = YES;
				CLANG_WARN_OBJC_IMPLICIT_RETAIN_SELF = YES;
				CLANG_WARN_OBJC_LITERAL_CONVERSION = YES;
				CLANG_WARN_OBJC_ROOT_CLASS = YES_ERROR;
				CLANG_WARN_RANGE_LOOP_ANALYSIS = YES;
				CLANG_WARN_STRICT_PROTOTYPES = YES;
				CLANG_WARN_SUSPICIOUS_MOVE = YES;
				CLANG_WARN_UNGUARDED_AVAILABILITY = YES_AGGRESSIVE;
				CLANG_WARN_UNREACHABLE_CODE = YES;
				CLANG_WARN__DUPLICATE_METHOD_MATCH = YES;
				CODE_SIGN_IDENTITY = "iPhone Developer";
				COPY_PHASE_STRIP = NO;
				DEBUG_INFORMATION_FORMAT = dwarf;
				ENABLE_STRICT_OBJC_MSGSEND = YES;
				ENABLE_TESTABILITY = YES;
				GCC_C_LANGUAGE_STANDARD = gnu11;
				GCC_DYNAMIC_NO_PIC = NO;
				GCC_NO_COMMON_BLOCKS = YES;
				GCC_OPTIMIZATION_LEVEL = 0;
				GCC_PREPROCESSOR_DEFINITIONS = (
					"DEBUG=1",
					"$(inherited)",
				);
				GCC_WARN_64_TO_32_BIT_CONVERSION = YES;
				GCC_WARN_ABOUT_RETURN_TYPE = YES_ERROR;
				GCC_WARN_UNDECLARED_SELECTOR = YES;
				GCC_WARN_UNINITIALIZED_AUTOS = YES_AGGRESSIVE;
				GCC_WARN_UNUSED_FUNCTION = YES;
				GCC_WARN_UNUSED_VARIABLE = YES;
				IPHONEOS_DEPLOYMENT_TARGET = 12.2;
				MTL_ENABLE_DEBUG_INFO = INCLUDE_SOURCE;
				MTL_FAST_MATH = YES;
				ONLY_ACTIVE_ARCH = YES;
				SDKROOT = iphoneos;
				SWIFT_ACTIVE_COMPILATION_CONDITIONS = DEBUG;
				SWIFT_OPTIMIZATION_LEVEL = "-Onone";
			};
			name = Debug;
		};
		9A2EE2F423427DCD0012E7E1 /* Release */ = {
			isa = XCBuildConfiguration;
			buildSettings = {
				ALWAYS_SEARCH_USER_PATHS = NO;
				CLANG_ANALYZER_NONNULL = YES;
				CLANG_ANALYZER_NUMBER_OBJECT_CONVERSION = YES_AGGRESSIVE;
				CLANG_CXX_LANGUAGE_STANDARD = "gnu++14";
				CLANG_CXX_LIBRARY = "libc++";
				CLANG_ENABLE_MODULES = YES;
				CLANG_ENABLE_OBJC_ARC = YES;
				CLANG_ENABLE_OBJC_WEAK = YES;
				CLANG_WARN_BLOCK_CAPTURE_AUTORELEASING = YES;
				CLANG_WARN_BOOL_CONVERSION = YES;
				CLANG_WARN_COMMA = YES;
				CLANG_WARN_CONSTANT_CONVERSION = YES;
				CLANG_WARN_DEPRECATED_OBJC_IMPLEMENTATIONS = YES;
				CLANG_WARN_DIRECT_OBJC_ISA_USAGE = YES_ERROR;
				CLANG_WARN_DOCUMENTATION_COMMENTS = YES;
				CLANG_WARN_EMPTY_BODY = YES;
				CLANG_WARN_ENUM_CONVERSION = YES;
				CLANG_WARN_INFINITE_RECURSION = YES;
				CLANG_WARN_INT_CONVERSION = YES;
				CLANG_WARN_NON_LITERAL_NULL_CONVERSION = YES;
				CLANG_WARN_OBJC_IMPLICIT_RETAIN_SELF = YES;
				CLANG_WARN_OBJC_LITERAL_CONVERSION = YES;
				CLANG_WARN_OBJC_ROOT_CLASS = YES_ERROR;
				CLANG_WARN_RANGE_LOOP_ANALYSIS = YES;
				CLANG_WARN_STRICT_PROTOTYPES = YES;
				CLANG_WARN_SUSPICIOUS_MOVE = YES;
				CLANG_WARN_UNGUARDED_AVAILABILITY = YES_AGGRESSIVE;
				CLANG_WARN_UNREACHABLE_CODE = YES;
				CLANG_WARN__DUPLICATE_METHOD_MATCH = YES;
				CODE_SIGN_IDENTITY = "iPhone Developer";
				COPY_PHASE_STRIP = NO;
				DEBUG_INFORMATION_FORMAT = "dwarf-with-dsym";
				ENABLE_NS_ASSERTIONS = NO;
				ENABLE_STRICT_OBJC_MSGSEND = YES;
				GCC_C_LANGUAGE_STANDARD = gnu11;
				GCC_NO_COMMON_BLOCKS = YES;
				GCC_WARN_64_TO_32_BIT_CONVERSION = YES;
				GCC_WARN_ABOUT_RETURN_TYPE = YES_ERROR;
				GCC_WARN_UNDECLARED_SELECTOR = YES;
				GCC_WARN_UNINITIALIZED_AUTOS = YES_AGGRESSIVE;
				GCC_WARN_UNUSED_FUNCTION = YES;
				GCC_WARN_UNUSED_VARIABLE = YES;
				IPHONEOS_DEPLOYMENT_TARGET = 12.2;
				MTL_ENABLE_DEBUG_INFO = NO;
				MTL_FAST_MATH = YES;
				SDKROOT = iphoneos;
				SWIFT_COMPILATION_MODE = wholemodule;
				SWIFT_OPTIMIZATION_LEVEL = "-O";
				VALIDATE_PRODUCT = YES;
			};
			name = Release;
		};
		9A2EE2F623427DCD0012E7E1 /* Debug */ = {
			isa = XCBuildConfiguration;
			buildSettings = {
				ASSETCATALOG_COMPILER_APPICON_NAME = AppIcon;
				CODE_SIGN_STYLE = Automatic;
				INFOPLIST_FILE = LeBaluchon/Info.plist;
				LD_RUNPATH_SEARCH_PATHS = (
					"$(inherited)",
					"@executable_path/Frameworks",
				);
				PRODUCT_BUNDLE_IDENTIFIER = "com.Anne-Elisabeth.LeBaluchon";
				PRODUCT_NAME = "$(TARGET_NAME)";
				SWIFT_VERSION = 5.0;
				TARGETED_DEVICE_FAMILY = "1,2";
			};
			name = Debug;
		};
		9A2EE2F723427DCD0012E7E1 /* Release */ = {
			isa = XCBuildConfiguration;
			buildSettings = {
				ASSETCATALOG_COMPILER_APPICON_NAME = AppIcon;
				CODE_SIGN_STYLE = Automatic;
				INFOPLIST_FILE = LeBaluchon/Info.plist;
				LD_RUNPATH_SEARCH_PATHS = (
					"$(inherited)",
					"@executable_path/Frameworks",
				);
				PRODUCT_BUNDLE_IDENTIFIER = "com.Anne-Elisabeth.LeBaluchon";
				PRODUCT_NAME = "$(TARGET_NAME)";
				SWIFT_VERSION = 5.0;
				TARGETED_DEVICE_FAMILY = "1,2";
			};
			name = Release;
		};
		9A2EE2F923427DCD0012E7E1 /* Debug */ = {
			isa = XCBuildConfiguration;
			buildSettings = {
				ALWAYS_EMBED_SWIFT_STANDARD_LIBRARIES = YES;
				BUNDLE_LOADER = "$(TEST_HOST)";
				CODE_SIGN_STYLE = Automatic;
				INFOPLIST_FILE = LeBaluchonTests/Info.plist;
				LD_RUNPATH_SEARCH_PATHS = (
					"$(inherited)",
					"@executable_path/Frameworks",
					"@loader_path/Frameworks",
				);
				PRODUCT_BUNDLE_IDENTIFIER = "com.Anne-Elisabeth.LeBaluchonTests";
				PRODUCT_NAME = "$(TARGET_NAME)";
				SWIFT_VERSION = 5.0;
				TARGETED_DEVICE_FAMILY = "1,2";
				TEST_HOST = "$(BUILT_PRODUCTS_DIR)/LeBaluchon.app/LeBaluchon";
			};
			name = Debug;
		};
		9A2EE2FA23427DCD0012E7E1 /* Release */ = {
			isa = XCBuildConfiguration;
			buildSettings = {
				ALWAYS_EMBED_SWIFT_STANDARD_LIBRARIES = YES;
				BUNDLE_LOADER = "$(TEST_HOST)";
				CODE_SIGN_STYLE = Automatic;
				INFOPLIST_FILE = LeBaluchonTests/Info.plist;
				LD_RUNPATH_SEARCH_PATHS = (
					"$(inherited)",
					"@executable_path/Frameworks",
					"@loader_path/Frameworks",
				);
				PRODUCT_BUNDLE_IDENTIFIER = "com.Anne-Elisabeth.LeBaluchonTests";
				PRODUCT_NAME = "$(TARGET_NAME)";
				SWIFT_VERSION = 5.0;
				TARGETED_DEVICE_FAMILY = "1,2";
				TEST_HOST = "$(BUILT_PRODUCTS_DIR)/LeBaluchon.app/LeBaluchon";
			};
			name = Release;
		};
		9A2EE2FC23427DCD0012E7E1 /* Debug */ = {
			isa = XCBuildConfiguration;
			buildSettings = {
				ALWAYS_EMBED_SWIFT_STANDARD_LIBRARIES = YES;
				CODE_SIGN_STYLE = Automatic;
				INFOPLIST_FILE = LeBaluchonUITests/Info.plist;
				LD_RUNPATH_SEARCH_PATHS = (
					"$(inherited)",
					"@executable_path/Frameworks",
					"@loader_path/Frameworks",
				);
				PRODUCT_BUNDLE_IDENTIFIER = "com.Anne-Elisabeth.LeBaluchonUITests";
				PRODUCT_NAME = "$(TARGET_NAME)";
				SWIFT_VERSION = 5.0;
				TARGETED_DEVICE_FAMILY = "1,2";
				TEST_TARGET_NAME = LeBaluchon;
			};
			name = Debug;
		};
		9A2EE2FD23427DCD0012E7E1 /* Release */ = {
			isa = XCBuildConfiguration;
			buildSettings = {
				ALWAYS_EMBED_SWIFT_STANDARD_LIBRARIES = YES;
				CODE_SIGN_STYLE = Automatic;
				INFOPLIST_FILE = LeBaluchonUITests/Info.plist;
				LD_RUNPATH_SEARCH_PATHS = (
					"$(inherited)",
					"@executable_path/Frameworks",
					"@loader_path/Frameworks",
				);
				PRODUCT_BUNDLE_IDENTIFIER = "com.Anne-Elisabeth.LeBaluchonUITests";
				PRODUCT_NAME = "$(TARGET_NAME)";
				SWIFT_VERSION = 5.0;
				TARGETED_DEVICE_FAMILY = "1,2";
				TEST_TARGET_NAME = LeBaluchon;
			};
			name = Release;
		};
/* End XCBuildConfiguration section */

/* Begin XCConfigurationList section */
		9A2EE2C823427DCA0012E7E1 /* Build configuration list for PBXProject "LeBaluchon" */ = {
			isa = XCConfigurationList;
			buildConfigurations = (
				9A2EE2F323427DCD0012E7E1 /* Debug */,
				9A2EE2F423427DCD0012E7E1 /* Release */,
			);
			defaultConfigurationIsVisible = 0;
			defaultConfigurationName = Release;
		};
		9A2EE2F523427DCD0012E7E1 /* Build configuration list for PBXNativeTarget "LeBaluchon" */ = {
			isa = XCConfigurationList;
			buildConfigurations = (
				9A2EE2F623427DCD0012E7E1 /* Debug */,
				9A2EE2F723427DCD0012E7E1 /* Release */,
			);
			defaultConfigurationIsVisible = 0;
			defaultConfigurationName = Release;
		};
		9A2EE2F823427DCD0012E7E1 /* Build configuration list for PBXNativeTarget "LeBaluchonTests" */ = {
			isa = XCConfigurationList;
			buildConfigurations = (
				9A2EE2F923427DCD0012E7E1 /* Debug */,
				9A2EE2FA23427DCD0012E7E1 /* Release */,
			);
			defaultConfigurationIsVisible = 0;
			defaultConfigurationName = Release;
		};
		9A2EE2FB23427DCD0012E7E1 /* Build configuration list for PBXNativeTarget "LeBaluchonUITests" */ = {
			isa = XCConfigurationList;
			buildConfigurations = (
				9A2EE2FC23427DCD0012E7E1 /* Debug */,
				9A2EE2FD23427DCD0012E7E1 /* Release */,
			);
			defaultConfigurationIsVisible = 0;
			defaultConfigurationName = Release;
		};
/* End XCConfigurationList section */
	};
	rootObject = 9A2EE2C523427DCA0012E7E1 /* Project object */;
}
